# This file is automatically @generated by Cargo.
# It is not intended for manual editing.
version = 4

[[package]]
name = "write-html"
version = "0.1.0"
dependencies = [
 "write-scope",
]

[[package]]
name = "write-scope"
version = "0.1.0"

[[package]]
name = "writehtml"
version = "0.1.0"
dependencies = [
 "write-html",
 "write-scope",
]
